
Microsoft Visual Studio Solution File, Format Version 12.00
# Visual Studio Version 16
VisualStudioVersion = 16.0.31025.194
MinimumVisualStudioVersion = 10.0.40219.1
Project("{9A19103F-16F7-4668-BE54-9A1E7A4F7556}") = "Ereceipt.API", "Ereceipt.API\Ereceipt.API.csproj", "{A958D366-C1B5-4A72-9BE6-2B411D138AB7}"
EndProject
Project("{9A19103F-16F7-4668-BE54-9A1E7A4F7556}") = "EreceiptExample", "EreceiptExample\EreceiptExample.csproj", "{D70CFB93-A707-4206-9CD9-64569BB28DF8}"
EndProject
Project("{FAE04EC0-301F-11D3-BF4B-00C04F79EFBC}") = "Ereceipt.Tests", "Ereceipt.Tests\Ereceipt.Tests.csproj", "{5894F14D-EF1A-4827-8E62-8F915D58385A}"
EndProject
Global
	GlobalSection(SolutionConfigurationPlatforms) = preSolution
		Debug|Any CPU = Debug|Any CPU
		Release|Any CPU = Release|Any CPU
	EndGlobalSection
	GlobalSection(ProjectConfigurationPlatforms) = postSolution
		{A958D366-C1B5-4A72-9BE6-2B411D138AB7}.Debug|Any CPU.ActiveCfg = Debug|Any CPU
		{A958D366-C1B5-4A72-9BE6-2B411D138AB7}.Debug|Any CPU.Build.0 = Debug|Any CPU
		{A958D366-C1B5-4A72-9BE6-2B411D138AB7}.Release|Any CPU.ActiveCfg = Release|Any CPU
		{A958D366-C1B5-4A72-9BE6-2B411D138AB7}.Release|Any CPU.Build.0 = Release|Any CPU
		{D70CFB93-A707-4206-9CD9-64569BB28DF8}.Debug|Any CPU.ActiveCfg = Debug|Any CPU
		{D70CFB93-A707-4206-9CD9-64569BB28DF8}.Debug|Any CPU.Build.0 = Debug|Any CPU
		{D70CFB93-A707-4206-9CD9-64569BB28DF8}.Release|Any CPU.ActiveCfg = Release|Any CPU
		{D70CFB93-A707-4206-9CD9-64569BB28DF8}.Release|Any CPU.Build.0 = Release|Any CPU
		{5894F14D-EF1A-4827-8E62-8F915D58385A}.Debug|Any CPU.ActiveCfg = Debug|Any CPU
		{5894F14D-EF1A-4827-8E62-8F915D58385A}.Debug|Any CPU.Build.0 = Debug|Any CPU
		{5894F14D-EF1A-4827-8E62-8F915D58385A}.Release|Any CPU.ActiveCfg = Release|Any CPU
		{5894F14D-EF1A-4827-8E62-8F915D58385A}.Release|Any CPU.Build.0 = Release|Any CPU
	EndGlobalSection
	GlobalSection(SolutionProperties) = preSolution
		HideSolutionNode = FALSE
	EndGlobalSection
	GlobalSection(ExtensibilityGlobals) = postSolution
		SolutionGuid = {EDDBCB56-A3F0-4BC0-9B2F-3915E84A1EB5}
	EndGlobalSection
EndGlobal
